// !$*UTF8*$!
{
	archiveVersion = 1;
	classes = {
	};
	objectVersion = 55;
	objects = {

/* Begin PBXBuildFile section */
		925F76CF285F5A06004C009B /* SongSearchProvider.swift in Sources */ = {isa = PBXBuildFile; fileRef = 925F76CE285F5A06004C009B /* SongSearchProvider.swift */; };
		925F76D2285F5E20004C009B /* ItunesWithCacheSongSearchProvider.swift in Sources */ = {isa = PBXBuildFile; fileRef = 925F76D1285F5E20004C009B /* ItunesWithCacheSongSearchProvider.swift */; };
		925F76D5285F66EB004C009B /* SongsSearchModel.swift in Sources */ = {isa = PBXBuildFile; fileRef = 925F76D4285F66EB004C009B /* SongsSearchModel.swift */; };
		925F76D8285F802D004C009B /* View+Utils.swift in Sources */ = {isa = PBXBuildFile; fileRef = 925F76D7285F802D004C009B /* View+Utils.swift */; };
		925F76EC285FC35C004C009B /* SongsSearchModelTests.swift in Sources */ = {isa = PBXBuildFile; fileRef = 925F76DD285FB6C2004C009B /* SongsSearchModelTests.swift */; };
		92C0B820285B445B007C77E1 /* MyFavoriteSongsApp.swift in Sources */ = {isa = PBXBuildFile; fileRef = 92C0B7F8285B4457007C77E1 /* MyFavoriteSongsApp.swift */; };
		92C0B822285B445B007C77E1 /* SongsSearchView.swift in Sources */ = {isa = PBXBuildFile; fileRef = 92C0B7F9285B4457007C77E1 /* SongsSearchView.swift */; };
		92C0B824285B445B007C77E1 /* Assets.xcassets in Resources */ = {isa = PBXBuildFile; fileRef = 92C0B7FA285B445B007C77E1 /* Assets.xcassets */; };
		92C0B836285B6856007C77E1 /* QGrid in Frameworks */ = {isa = PBXBuildFile; productRef = 92C0B835285B6856007C77E1 /* QGrid */; };
		92DD9D3F285D9883009A3F8E /* SongsGrid.swift in Sources */ = {isa = PBXBuildFile; fileRef = 92DD9D3E285D9883009A3F8E /* SongsGrid.swift */; };
		92DD9D42285D9CA5009A3F8E /* FavoriteSongsView.swift in Sources */ = {isa = PBXBuildFile; fileRef = 92DD9D41285D9CA5009A3F8E /* FavoriteSongsView.swift */; };
		92DD9D5A285DA357009A3F8E /* Localizable.strings in Resources */ = {isa = PBXBuildFile; fileRef = 92DD9D5D285DA357009A3F8E /* Localizable.strings */; };
		92DD9D66285DA6AD009A3F8E /* FavoritesService.swift in Sources */ = {isa = PBXBuildFile; fileRef = 92DD9D65285DA6AD009A3F8E /* FavoritesService.swift */; };
		92DD9D69285DA768009A3F8E /* LocalFavoritesService.swift in Sources */ = {isa = PBXBuildFile; fileRef = 92DD9D68285DA768009A3F8E /* LocalFavoritesService.swift */; };
/* End PBXBuildFile section */

/* Begin PBXContainerItemProxy section */
		925F76E7285FC347004C009B /* PBXContainerItemProxy */ = {
			isa = PBXContainerItemProxy;
			containerPortal = 92C0B7F3285B4457007C77E1 /* Project object */;
			proxyType = 1;
			remoteGlobalIDString = 92C0B7FE285B445B007C77E1;
			remoteInfo = "MyFavoriteSongs (iOS)";
		};
/* End PBXContainerItemProxy section */

/* Begin PBXFileReference section */
		925F76CE285F5A06004C009B /* SongSearchProvider.swift */ = {isa = PBXFileReference; lastKnownFileType = sourcecode.swift; path = SongSearchProvider.swift; sourceTree = "<group>"; };
		925F76D1285F5E20004C009B /* ItunesWithCacheSongSearchProvider.swift */ = {isa = PBXFileReference; lastKnownFileType = sourcecode.swift; path = ItunesWithCacheSongSearchProvider.swift; sourceTree = "<group>"; };
		925F76D4285F66EB004C009B /* SongsSearchModel.swift */ = {isa = PBXFileReference; lastKnownFileType = sourcecode.swift; path = SongsSearchModel.swift; sourceTree = "<group>"; };
		925F76D7285F802D004C009B /* View+Utils.swift */ = {isa = PBXFileReference; lastKnownFileType = sourcecode.swift; path = "View+Utils.swift"; sourceTree = "<group>"; };
		925F76DD285FB6C2004C009B /* SongsSearchModelTests.swift */ = {isa = PBXFileReference; lastKnownFileType = sourcecode.swift; path = SongsSearchModelTests.swift; sourceTree = "<group>"; };
		925F76E3285FC347004C009B /* MyFavoriteSongsTests.xctest */ = {isa = PBXFileReference; explicitFileType = wrapper.cfbundle; includeInIndex = 0; path = MyFavoriteSongsTests.xctest; sourceTree = BUILT_PRODUCTS_DIR; };
		92C0B7F8285B4457007C77E1 /* MyFavoriteSongsApp.swift */ = {isa = PBXFileReference; lastKnownFileType = sourcecode.swift; path = MyFavoriteSongsApp.swift; sourceTree = "<group>"; };
		92C0B7F9285B4457007C77E1 /* SongsSearchView.swift */ = {isa = PBXFileReference; lastKnownFileType = sourcecode.swift; path = SongsSearchView.swift; sourceTree = "<group>"; };
		92C0B7FA285B445B007C77E1 /* Assets.xcassets */ = {isa = PBXFileReference; lastKnownFileType = folder.assetcatalog; path = Assets.xcassets; sourceTree = "<group>"; };
		92C0B7FF285B445B007C77E1 /* MyFavoriteSongs.app */ = {isa = PBXFileReference; explicitFileType = wrapper.application; includeInIndex = 0; path = MyFavoriteSongs.app; sourceTree = BUILT_PRODUCTS_DIR; };
		92DD9D3E285D9883009A3F8E /* SongsGrid.swift */ = {isa = PBXFileReference; lastKnownFileType = sourcecode.swift; path = SongsGrid.swift; sourceTree = "<group>"; };
		92DD9D41285D9CA5009A3F8E /* FavoriteSongsView.swift */ = {isa = PBXFileReference; lastKnownFileType = sourcecode.swift; path = FavoriteSongsView.swift; sourceTree = "<group>"; };
		92DD9D5C285DA357009A3F8E /* en */ = {isa = PBXFileReference; lastKnownFileType = text.plist.strings; name = en; path = en.lproj/Localizable.strings; sourceTree = "<group>"; };
		92DD9D65285DA6AD009A3F8E /* FavoritesService.swift */ = {isa = PBXFileReference; lastKnownFileType = sourcecode.swift; path = FavoritesService.swift; sourceTree = "<group>"; };
		92DD9D68285DA768009A3F8E /* LocalFavoritesService.swift */ = {isa = PBXFileReference; lastKnownFileType = sourcecode.swift; path = LocalFavoritesService.swift; sourceTree = "<group>"; };
/* End PBXFileReference section */

/* Begin PBXFrameworksBuildPhase section */
		925F76E0285FC347004C009B /* Frameworks */ = {
			isa = PBXFrameworksBuildPhase;
			buildActionMask = 2147483647;
			files = (
			);
			runOnlyForDeploymentPostprocessing = 0;
		};
		92C0B7FC285B445B007C77E1 /* Frameworks */ = {
			isa = PBXFrameworksBuildPhase;
			buildActionMask = 2147483647;
			files = (
				92C0B836285B6856007C77E1 /* QGrid in Frameworks */,
			);
			runOnlyForDeploymentPostprocessing = 0;
		};
/* End PBXFrameworksBuildPhase section */

/* Begin PBXGroup section */
		925F76DA285F856E004C009B /* Frameworks */ = {
			isa = PBXGroup;
			children = (
			);
			name = Frameworks;
			sourceTree = "<group>";
		};
		925F76E4285FC347004C009B /* MyFavoriteSongsTests */ = {
			isa = PBXGroup;
			children = (
				925F76DD285FB6C2004C009B /* SongsSearchModelTests.swift */,
			);
			path = MyFavoriteSongsTests;
			sourceTree = "<group>";
		};
		92C0B7F2285B4457007C77E1 = {
			isa = PBXGroup;
			children = (
				92C0B7F7285B4457007C77E1 /* Shared */,
				925F76E4285FC347004C009B /* MyFavoriteSongsTests */,
				92C0B800285B445B007C77E1 /* Products */,
				925F76DA285F856E004C009B /* Frameworks */,
			);
			sourceTree = "<group>";
		};
		92C0B7F7285B4457007C77E1 /* Shared */ = {
			isa = PBXGroup;
			children = (
				92C0B7F8285B4457007C77E1 /* MyFavoriteSongsApp.swift */,
				92C0B7F9285B4457007C77E1 /* SongsSearchView.swift */,
				925F76D4285F66EB004C009B /* SongsSearchModel.swift */,
				92DD9D41285D9CA5009A3F8E /* FavoriteSongsView.swift */,
				92DD9D3E285D9883009A3F8E /* SongsGrid.swift */,
				92C0B7FA285B445B007C77E1 /* Assets.xcassets */,
				92DD9D64285DA697009A3F8E /* Utils */,
				92DD9D56285DA339009A3F8E /* Resources */,
			);
			path = Shared;
			sourceTree = "<group>";
		};
		92C0B800285B445B007C77E1 /* Products */ = {
			isa = PBXGroup;
			children = (
				92C0B7FF285B445B007C77E1 /* MyFavoriteSongs.app */,
				925F76E3285FC347004C009B /* MyFavoriteSongsTests.xctest */,
			);
			name = Products;
			sourceTree = "<group>";
		};
		92DD9D56285DA339009A3F8E /* Resources */ = {
			isa = PBXGroup;
			children = (
				92DD9D5D285DA357009A3F8E /* Localizable.strings */,
			);
			path = Resources;
			sourceTree = "<group>";
		};
		92DD9D64285DA697009A3F8E /* Utils */ = {
			isa = PBXGroup;
			children = (
				92DD9D65285DA6AD009A3F8E /* FavoritesService.swift */,
				92DD9D68285DA768009A3F8E /* LocalFavoritesService.swift */,
				925F76CE285F5A06004C009B /* SongSearchProvider.swift */,
				925F76D1285F5E20004C009B /* ItunesWithCacheSongSearchProvider.swift */,
				925F76D7285F802D004C009B /* View+Utils.swift */,
			);
			path = Utils;
			sourceTree = "<group>";
		};
/* End PBXGroup section */

/* Begin PBXNativeTarget section */
		925F76E2285FC347004C009B /* MyFavoriteSongsTests */ = {
			isa = PBXNativeTarget;
			buildConfigurationList = 925F76E9285FC347004C009B /* Build configuration list for PBXNativeTarget "MyFavoriteSongsTests" */;
			buildPhases = (
				925F76DF285FC347004C009B /* Sources */,
				925F76E0285FC347004C009B /* Frameworks */,
				925F76E1285FC347004C009B /* Resources */,
			);
			buildRules = (
			);
			dependencies = (
				925F76E8285FC347004C009B /* PBXTargetDependency */,
			);
			name = MyFavoriteSongsTests;
			productName = MyFavoriteSongsTests;
			productReference = 925F76E3285FC347004C009B /* MyFavoriteSongsTests.xctest */;
			productType = "com.apple.product-type.bundle.unit-test";
		};
		92C0B7FE285B445B007C77E1 /* MyFavoriteSongs (iOS) */ = {
			isa = PBXNativeTarget;
			buildConfigurationList = 92C0B828285B445B007C77E1 /* Build configuration list for PBXNativeTarget "MyFavoriteSongs (iOS)" */;
			buildPhases = (
				92C0B7FB285B445B007C77E1 /* Sources */,
				92C0B7FC285B445B007C77E1 /* Frameworks */,
				92C0B7FD285B445B007C77E1 /* Resources */,
			);
			buildRules = (
			);
			dependencies = (
			);
			name = "MyFavoriteSongs (iOS)";
			packageProductDependencies = (
				92C0B835285B6856007C77E1 /* QGrid */,
			);
			productName = "MyFavoriteSongs (iOS)";
			productReference = 92C0B7FF285B445B007C77E1 /* MyFavoriteSongs.app */;
			productType = "com.apple.product-type.application";
		};
/* End PBXNativeTarget section */

/* Begin PBXProject section */
		92C0B7F3285B4457007C77E1 /* Project object */ = {
			isa = PBXProject;
			attributes = {
				BuildIndependentTargetsInParallel = 1;
				LastSwiftUpdateCheck = 1340;
				LastUpgradeCheck = 1340;
				TargetAttributes = {
					925F76E2285FC347004C009B = {
						CreatedOnToolsVersion = 13.4.1;
						TestTargetID = 92C0B7FE285B445B007C77E1;
					};
					92C0B7FE285B445B007C77E1 = {
						CreatedOnToolsVersion = 13.4.1;
					};
				};
			};
			buildConfigurationList = 92C0B7F6285B4457007C77E1 /* Build configuration list for PBXProject "MyFavoriteSongs" */;
			compatibilityVersion = "Xcode 13.0";
			developmentRegion = en;
			hasScannedForEncodings = 0;
			knownRegions = (
				en,
				Base,
			);
			mainGroup = 92C0B7F2285B4457007C77E1;
			packageReferences = (
				92C0B834285B6856007C77E1 /* XCRemoteSwiftPackageReference "QGrid" */,
			);
			productRefGroup = 92C0B800285B445B007C77E1 /* Products */;
			projectDirPath = "";
			projectRoot = "";
			targets = (
				92C0B7FE285B445B007C77E1 /* MyFavoriteSongs (iOS) */,
				925F76E2285FC347004C009B /* MyFavoriteSongsTests */,
			);
		};
/* End PBXProject section */

/* Begin PBXResourcesBuildPhase section */
		925F76E1285FC347004C009B /* Resources */ = {
			isa = PBXResourcesBuildPhase;
			buildActionMask = 2147483647;
			files = (
			);
			runOnlyForDeploymentPostprocessing = 0;
		};
		92C0B7FD285B445B007C77E1 /* Resources */ = {
			isa = PBXResourcesBuildPhase;
			buildActionMask = 2147483647;
			files = (
				92C0B824285B445B007C77E1 /* Assets.xcassets in Resources */,
				92DD9D5A285DA357009A3F8E /* Localizable.strings in Resources */,
			);
			runOnlyForDeploymentPostprocessing = 0;
		};
/* End PBXResourcesBuildPhase section */

/* Begin PBXSourcesBuildPhase section */
		925F76DF285FC347004C009B /* Sources */ = {
			isa = PBXSourcesBuildPhase;
			buildActionMask = 2147483647;
			files = (
				925F76EC285FC35C004C009B /* SongsSearchModelTests.swift in Sources */,
			);
			runOnlyForDeploymentPostprocessing = 0;
		};
		92C0B7FB285B445B007C77E1 /* Sources */ = {
			isa = PBXSourcesBuildPhase;
			buildActionMask = 2147483647;
			files = (
				92DD9D66285DA6AD009A3F8E /* FavoritesService.swift in Sources */,
				92DD9D3F285D9883009A3F8E /* SongsGrid.swift in Sources */,
				925F76D2285F5E20004C009B /* ItunesWithCacheSongSearchProvider.swift in Sources */,
				92C0B822285B445B007C77E1 /* SongsSearchView.swift in Sources */,
				925F76D8285F802D004C009B /* View+Utils.swift in Sources */,
				92C0B820285B445B007C77E1 /* MyFavoriteSongsApp.swift in Sources */,
				925F76D5285F66EB004C009B /* SongsSearchModel.swift in Sources */,
				925F76CF285F5A06004C009B /* SongSearchProvider.swift in Sources */,
				92DD9D42285D9CA5009A3F8E /* FavoriteSongsView.swift in Sources */,
				92DD9D69285DA768009A3F8E /* LocalFavoritesService.swift in Sources */,
			);
			runOnlyForDeploymentPostprocessing = 0;
		};
/* End PBXSourcesBuildPhase section */

/* Begin PBXTargetDependency section */
		925F76E8285FC347004C009B /* PBXTargetDependency */ = {
			isa = PBXTargetDependency;
			target = 92C0B7FE285B445B007C77E1 /* MyFavoriteSongs (iOS) */;
			targetProxy = 925F76E7285FC347004C009B /* PBXContainerItemProxy */;
		};
/* End PBXTargetDependency section */

/* Begin PBXVariantGroup section */
		92DD9D5D285DA357009A3F8E /* Localizable.strings */ = {
			isa = PBXVariantGroup;
			children = (
				92DD9D5C285DA357009A3F8E /* en */,
			);
			name = Localizable.strings;
			sourceTree = "<group>";
		};
/* End PBXVariantGroup section */

/* Begin XCBuildConfiguration section */
		925F76EA285FC347004C009B /* Debug */ = {
			isa = XCBuildConfiguration;
			buildSettings = {
				BUNDLE_LOADER = "$(TEST_HOST)";
				CODE_SIGN_STYLE = Automatic;
				CURRENT_PROJECT_VERSION = 1;
				DEVELOPMENT_TEAM = 2G4AD7SVVS;
				GENERATE_INFOPLIST_FILE = YES;
				IPHONEOS_DEPLOYMENT_TARGET = 15.5;
				MARKETING_VERSION = 1.0;
				PRODUCT_BUNDLE_IDENTIFIER = com.timvelichko.MyFavoriteSongsTests;
				PRODUCT_NAME = "$(TARGET_NAME)";
				SDKROOT = iphoneos;
				SWIFT_EMIT_LOC_STRINGS = NO;
				SWIFT_VERSION = 5.0;
				TARGETED_DEVICE_FAMILY = "1,2";
				TEST_HOST = "$(BUILT_PRODUCTS_DIR)/MyFavoriteSongs.app/MyFavoriteSongs";
			};
			name = Debug;
		};
		925F76EB285FC347004C009B /* Release */ = {
			isa = XCBuildConfiguration;
			buildSettings = {
				BUNDLE_LOADER = "$(TEST_HOST)";
				CODE_SIGN_STYLE = Automatic;
				CURRENT_PROJECT_VERSION = 1;
				DEVELOPMENT_TEAM = 2G4AD7SVVS;
				GENERATE_INFOPLIST_FILE = YES;
				IPHONEOS_DEPLOYMENT_TARGET = 15.5;
				MARKETING_VERSION = 1.0;
				PRODUCT_BUNDLE_IDENTIFIER = com.timvelichko.MyFavoriteSongsTests;
				PRODUCT_NAME = "$(TARGET_NAME)";
				SDKROOT = iphoneos;
				SWIFT_EMIT_LOC_STRINGS = NO;
				SWIFT_VERSION = 5.0;
				TARGETED_DEVICE_FAMILY = "1,2";
				TEST_HOST = "$(BUILT_PRODUCTS_DIR)/MyFavoriteSongs.app/MyFavoriteSongs";
				VALIDATE_PRODUCT = YES;
			};
			name = Release;
		};
		92C0B826285B445B007C77E1 /* Debug */ = {
			isa = XCBuildConfiguration;
			buildSettings = {
				ALWAYS_SEARCH_USER_PATHS = NO;
				CLANG_ANALYZER_NONNULL = YES;
				CLANG_ANALYZER_NUMBER_OBJECT_CONVERSION = YES_AGGRESSIVE;
				CLANG_CXX_LANGUAGE_STANDARD = "gnu++17";
				CLANG_ENABLE_MODULES = YES;
				CLANG_ENABLE_OBJC_ARC = YES;
				CLANG_ENABLE_OBJC_WEAK = YES;
				CLANG_WARN_BLOCK_CAPTURE_AUTORELEASING = YES;
				CLANG_WARN_BOOL_CONVERSION = YES;
				CLANG_WARN_COMMA = YES;
				CLANG_WARN_CONSTANT_CONVERSION = YES;
				CLANG_WARN_DEPRECATED_OBJC_IMPLEMENTATIONS = YES;
				CLANG_WARN_DIRECT_OBJC_ISA_USAGE = YES_ERROR;
				CLANG_WARN_DOCUMENTATION_COMMENTS = YES;
				CLANG_WARN_EMPTY_BODY = YES;
				CLANG_WARN_ENUM_CONVERSION = YES;
				CLANG_WARN_INFINITE_RECURSION = YES;
				CLANG_WARN_INT_CONVERSION = YES;
				CLANG_WARN_NON_LITERAL_NULL_CONVERSION = YES;
				CLANG_WARN_OBJC_IMPLICIT_RETAIN_SELF = YES;
				CLANG_WARN_OBJC_LITERAL_CONVERSION = YES;
				CLANG_WARN_OBJC_ROOT_CLASS = YES_ERROR;
				CLANG_WARN_QUOTED_INCLUDE_IN_FRAMEWORK_HEADER = YES;
				CLANG_WARN_RANGE_LOOP_ANALYSIS = YES;
				CLANG_WARN_STRICT_PROTOTYPES = YES;
				CLANG_WARN_SUSPICIOUS_MOVE = YES;
				CLANG_WARN_UNGUARDED_AVAILABILITY = YES_AGGRESSIVE;
				CLANG_WARN_UNREACHABLE_CODE = YES;
				CLANG_WARN__DUPLICATE_METHOD_MATCH = YES;
				COPY_PHASE_STRIP = NO;
				DEBUG_INFORMATION_FORMAT = dwarf;
				ENABLE_STRICT_OBJC_MSGSEND = YES;
				ENABLE_TESTABILITY = YES;
				GCC_C_LANGUAGE_STANDARD = gnu11;
				GCC_DYNAMIC_NO_PIC = NO;
				GCC_NO_COMMON_BLOCKS = YES;
				GCC_OPTIMIZATION_LEVEL = 0;
				GCC_PREPROCESSOR_DEFINITIONS = (
					"DEBUG=1",
					"$(inherited)",
				);
				GCC_WARN_64_TO_32_BIT_CONVERSION = YES;
				GCC_WARN_ABOUT_RETURN_TYPE = YES_ERROR;
				GCC_WARN_UNDECLARED_SELECTOR = YES;
				GCC_WARN_UNINITIALIZED_AUTOS = YES_AGGRESSIVE;
				GCC_WARN_UNUSED_FUNCTION = YES;
				GCC_WARN_UNUSED_VARIABLE = YES;
				MTL_ENABLE_DEBUG_INFO = INCLUDE_SOURCE;
				MTL_FAST_MATH = YES;
				ONLY_ACTIVE_ARCH = YES;
				SWIFT_ACTIVE_COMPILATION_CONDITIONS = DEBUG;
				SWIFT_OPTIMIZATION_LEVEL = "-Onone";
			};
			name = Debug;
		};
		92C0B827285B445B007C77E1 /* Release */ = {
			isa = XCBuildConfiguration;
			buildSettings = {
				ALWAYS_SEARCH_USER_PATHS = NO;
				CLANG_ANALYZER_NONNULL = YES;
				CLANG_ANALYZER_NUMBER_OBJECT_CONVERSION = YES_AGGRESSIVE;
				CLANG_CXX_LANGUAGE_STANDARD = "gnu++17";
				CLANG_ENABLE_MODULES = YES;
				CLANG_ENABLE_OBJC_ARC = YES;
				CLANG_ENABLE_OBJC_WEAK = YES;
				CLANG_WARN_BLOCK_CAPTURE_AUTORELEASING = YES;
				CLANG_WARN_BOOL_CONVERSION = YES;
				CLANG_WARN_COMMA = YES;
				CLANG_WARN_CONSTANT_CONVERSION = YES;
				CLANG_WARN_DEPRECATED_OBJC_IMPLEMENTATIONS = YES;
				CLANG_WARN_DIRECT_OBJC_ISA_USAGE = YES_ERROR;
				CLANG_WARN_DOCUMENTATION_COMMENTS = YES;
				CLANG_WARN_EMPTY_BODY = YES;
				CLANG_WARN_ENUM_CONVERSION = YES;
				CLANG_WARN_INFINITE_RECURSION = YES;
				CLANG_WARN_INT_CONVERSION = YES;
				CLANG_WARN_NON_LITERAL_NULL_CONVERSION = YES;
				CLANG_WARN_OBJC_IMPLICIT_RETAIN_SELF = YES;
				CLANG_WARN_OBJC_LITERAL_CONVERSION = YES;
				CLANG_WARN_OBJC_ROOT_CLASS = YES_ERROR;
				CLANG_WARN_QUOTED_INCLUDE_IN_FRAMEWORK_HEADER = YES;
				CLANG_WARN_RANGE_LOOP_ANALYSIS = YES;
				CLANG_WARN_STRICT_PROTOTYPES = YES;
				CLANG_WARN_SUSPICIOUS_MOVE = YES;
				CLANG_WARN_UNGUARDED_AVAILABILITY = YES_AGGRESSIVE;
				CLANG_WARN_UNREACHABLE_CODE = YES;
				CLANG_WARN__DUPLICATE_METHOD_MATCH = YES;
				COPY_PHASE_STRIP = NO;
				DEBUG_INFORMATION_FORMAT = "dwarf-with-dsym";
				ENABLE_NS_ASSERTIONS = NO;
				ENABLE_STRICT_OBJC_MSGSEND = YES;
				GCC_C_LANGUAGE_STANDARD = gnu11;
				GCC_NO_COMMON_BLOCKS = YES;
				GCC_WARN_64_TO_32_BIT_CONVERSION = YES;
				GCC_WARN_ABOUT_RETURN_TYPE = YES_ERROR;
				GCC_WARN_UNDECLARED_SELECTOR = YES;
				GCC_WARN_UNINITIALIZED_AUTOS = YES_AGGRESSIVE;
				GCC_WARN_UNUSED_FUNCTION = YES;
				GCC_WARN_UNUSED_VARIABLE = YES;
				MTL_ENABLE_DEBUG_INFO = NO;
				MTL_FAST_MATH = YES;
				SWIFT_COMPILATION_MODE = wholemodule;
				SWIFT_OPTIMIZATION_LEVEL = "-O";
			};
			name = Release;
		};
		92C0B829285B445B007C77E1 /* Debug */ = {
			isa = XCBuildConfiguration;
			buildSettings = {
				ASSETCATALOG_COMPILER_APPICON_NAME = AppIcon;
				ASSETCATALOG_COMPILER_GLOBAL_ACCENT_COLOR_NAME = AccentColor;
				CODE_SIGN_STYLE = Automatic;
				CURRENT_PROJECT_VERSION = 1;
				DEVELOPMENT_TEAM = 2G4AD7SVVS;
				ENABLE_PREVIEWS = YES;
				GENERATE_INFOPLIST_FILE = YES;
				INFOPLIST_KEY_UIApplicationSceneManifest_Generation = YES;
				INFOPLIST_KEY_UIApplicationSupportsIndirectInputEvents = YES;
				INFOPLIST_KEY_UILaunchScreen_Generation = YES;
				INFOPLIST_KEY_UISupportedInterfaceOrientations_iPad = "UIInterfaceOrientationPortrait UIInterfaceOrientationPortraitUpsideDown UIInterfaceOrientationLandscapeLeft UIInterfaceOrientationLandscapeRight";
				INFOPLIST_KEY_UISupportedInterfaceOrientations_iPhone = "UIInterfaceOrientationPortrait UIInterfaceOrientationLandscapeLeft UIInterfaceOrientationLandscapeRight";
				IPHONEOS_DEPLOYMENT_TARGET = 15.5;
				LD_RUNPATH_SEARCH_PATHS = (
					"$(inherited)",
					"@executable_path/Frameworks",
				);
				MARKETING_VERSION = 1.0;
				PRODUCT_BUNDLE_IDENTIFIER = com.timvelichko.MyFavoriteSongs;
				PRODUCT_NAME = MyFavoriteSongs;
				SDKROOT = iphoneos;
				SWIFT_EMIT_LOC_STRINGS = YES;
				SWIFT_VERSION = 5.0;
				TARGETED_DEVICE_FAMILY = "1,2";
			};
			name = Debug;
		};
		92C0B82A285B445B007C77E1 /* Release */ = {
			isa = XCBuildConfiguration;
			buildSettings = {
				ASSETCATALOG_COMPILER_APPICON_NAME = AppIcon;
				ASSETCATALOG_COMPILER_GLOBAL_ACCENT_COLOR_NAME = AccentColor;
				CODE_SIGN_STYLE = Automatic;
				CURRENT_PROJECT_VERSION = 1;
				DEVELOPMENT_TEAM = 2G4AD7SVVS;
				ENABLE_PREVIEWS = YES;
				GENERATE_INFOPLIST_FILE = YES;
				INFOPLIST_KEY_UIApplicationSceneManifest_Generation = YES;
				INFOPLIST_KEY_UIApplicationSupportsIndirectInputEvents = YES;
				INFOPLIST_KEY_UILaunchScreen_Generation = YES;
				INFOPLIST_KEY_UISupportedInterfaceOrientations_iPad = "UIInterfaceOrientationPortrait UIInterfaceOrientationPortraitUpsideDown UIInterfaceOrientationLandscapeLeft UIInterfaceOrientationLandscapeRight";
				INFOPLIST_KEY_UISupportedInterfaceOrientations_iPhone = "UIInterfaceOrientationPortrait UIInterfaceOrientationLandscapeLeft UIInterfaceOrientationLandscapeRight";
				IPHONEOS_DEPLOYMENT_TARGET = 15.5;
				LD_RUNPATH_SEARCH_PATHS = (
					"$(inherited)",
					"@executable_path/Frameworks",
				);
				MARKETING_VERSION = 1.0;
				PRODUCT_BUNDLE_IDENTIFIER = com.timvelichko.MyFavoriteSongs;
				PRODUCT_NAME = MyFavoriteSongs;
				SDKROOT = iphoneos;
				SWIFT_EMIT_LOC_STRINGS = YES;
				SWIFT_VERSION = 5.0;
				TARGETED_DEVICE_FAMILY = "1,2";
				VALIDATE_PRODUCT = YES;
			};
			name = Release;
		};
/* End XCBuildConfiguration section */

/* Begin XCConfigurationList section */
		925F76E9285FC347004C009B /* Build configuration list for PBXNativeTarget "MyFavoriteSongsTests" */ = {
			isa = XCConfigurationList;
			buildConfigurations = (
				925F76EA285FC347004C009B /* Debug */,
				925F76EB285FC347004C009B /* Release */,
			);
			defaultConfigurationIsVisible = 0;
			defaultConfigurationName = Release;
		};
		92C0B7F6285B4457007C77E1 /* Build configuration list for PBXProject "MyFavoriteSongs" */ = {
			isa = XCConfigurationList;
			buildConfigurations = (
				92C0B826285B445B007C77E1 /* Debug */,
				92C0B827285B445B007C77E1 /* Release */,
			);
			defaultConfigurationIsVisible = 0;
			defaultConfigurationName = Release;
		};
		92C0B828285B445B007C77E1 /* Build configuration list for PBXNativeTarget "MyFavoriteSongs (iOS)" */ = {
			isa = XCConfigurationList;
			buildConfigurations = (
				92C0B829285B445B007C77E1 /* Debug */,
				92C0B82A285B445B007C77E1 /* Release */,
			);
			defaultConfigurationIsVisible = 0;
			defaultConfigurationName = Release;
		};
/* End XCConfigurationList section */

/* Begin XCRemoteSwiftPackageReference section */
		92C0B834285B6856007C77E1 /* XCRemoteSwiftPackageReference "QGrid" */ = {
			isa = XCRemoteSwiftPackageReference;
			repositoryURL = "https://github.com/Q-Mobile/QGrid";
			requirement = {
				kind = upToNextMajorVersion;
				minimumVersion = 0.1.4;
			};
		};
/* End XCRemoteSwiftPackageReference section */

/* Begin XCSwiftPackageProductDependency section */
		92C0B835285B6856007C77E1 /* QGrid */ = {
			isa = XCSwiftPackageProductDependency;
			package = 92C0B834285B6856007C77E1 /* XCRemoteSwiftPackageReference "QGrid" */;
			productName = QGrid;
		};
/* End XCSwiftPackageProductDependency section */
	};
	rootObject = 92C0B7F3285B4457007C77E1 /* Project object */;
}
